lockfileVersion: '9.0'

settings:
  autoInstallPeers: true
  excludeLinksFromLockfile: false

importers:

  .:
    dependencies:
      '@anthropic-ai/claude-code':
        specifier: latest
        version: 2.1.252

packages:

  '@anthropic-ai/claude-code-darwin-arm64@2.1.252':
    resolution: {integrity: sha512-hCk12rC0srb7IlrGyFfEkm+GNBuBvkL2WrQvZzMOnCYRPJhAznxY0bHyHBjkyR9kexOmXyjxqv0IkQ5yVq+7gA==}
    cpu: [arm64]
    os: [darwin]

  '@anthropic-ai/claude-code-darwin-x64@2.1.252':
    resolution: {integrity: sha512-QgAyThKvvGLYFSABu2BMNv6PqrMZNYGVKt0frCzSi6PZAE8BKAJCJ4fw99z7eiBRsY0RdUGSlcnjHNak3AxsbQ==}
    cpu: [x64]
    os: [darwin]

  '@anthropic-ai/claude-code-linux-arm64-musl@2.1.252':
    resolution: {integrity: sha512-5uOIgyeC82Za1UVFl0E7JA5l/6U5GVZn3ZocJv1B2Eukc4aHTQmqZvTf6m7dkeU7vIippqge/KhD88LHCqoinA==}
    cpu: [arm64]
    os: [linux]
    libc: [musl]

  '@anthropic-ai/claude-code-linux-arm64@2.1.252':
    resolution: {integrity: sha512-y8lYCVmU9zWxCJu++dR00pZKykogS7rXFiJ/b++zyNSjnkmxZNGhhU/y+QFKzKUSMD2Ti/8DI3A+MW/ZVLQkMQ==}
    cpu: [arm64]
    os: [linux]
    libc: [glibc]

  '@anthropic-ai/claude-code-linux-x64-musl@2.1.252':
    resolution: {integrity: sha512-xI3LHsXWhj4sG2nOnSVYAc+5jsfVHypZknqMqGoGXjGyEU/FHcnNTErj6UB3rP5ExUm1yW7lsgu6CYJMMGIl8A==}
    cpu: [x64]
    os: [linux]
    libc: [musl]

  '@anthropic-ai/claude-code-linux-x64@2.1.252':
    resolution: {integrity: sha512-TzdB7DjCsQRtE4XDneXTye+WA8UDJ6BJNj382ygjKSlpgCPH145uZKCS2J8uYRQcS7gW7ruC6PmnjKMCuMr2uw==}
    cpu: [x64]
    os: [linux]
    libc: [glibc]

  '@anthropic-ai/claude-code-win32-arm64@2.1.252':
    resolution: {integrity: sha512-saM5OUcH6FpioPPt7PGrvrP//Sg4nvC3fMvplPLF1glEATfJvvAcCQ0KfwuOVq65e98ncEPEpIYgZDX3RBkS6w==}
    cpu: [arm64]
    os: [win32]

  '@anthropic-ai/claude-code-win32-x64@2.1.252':
    resolution: {integrity: sha512-WfauOCDXj1RV3+zhEbQ/h8r7xW9nANWeXtXssQhbKlVUQDd++fJK6krqkrUVrztggAffauatTue+itb+qx+LhA==}
    cpu: [x64]
    os: [win32]

  '@anthropic-ai/claude-code@2.1.252':
    resolution: {integrity: sha512-ftoO0eLOZyEDrA3KDd7QZH5qdvToiTcoip3YdGGx8wzH4R9YUwHO+5VG01JDRn8u7MrRcXkf7FvbMYezEt0VyQ==}
    engines: {node: '>=22.0.0'}
    hasBin: true

snapshots:

  '@anthropic-ai/claude-code-darwin-arm64@2.1.252':
    optional: true

  '@anthropic-ai/claude-code-darwin-x64@2.1.252':
    optional: true

  '@anthropic-ai/claude-code-linux-arm64-musl@2.1.252':
    optional: true

  '@anthropic-ai/claude-code-linux-arm64@2.1.252':
    optional: true

  '@anthropic-ai/claude-code-linux-x64-musl@2.1.252':
    optional: true

  '@anthropic-ai/claude-code-linux-x64@2.1.252':
    optional: true

  '@anthropic-ai/claude-code-win32-arm64@2.1.252':
    optional: true

  '@anthropic-ai/claude-code-win32-x64@2.1.252':
    optional: true

  '@anthropic-ai/claude-code@2.1.252':
    optionalDependencies:
      '@anthropic-ai/claude-code-darwin-arm64': 2.1.252
      '@anthropic-ai/claude-code-darwin-x64': 2.1.252
      '@anthropic-ai/claude-code-linux-arm64': 2.1.252
      '@anthropic-ai/claude-code-linux-arm64-musl': 2.1.252
      '@anthropic-ai/claude-code-linux-x64': 2.1.252
      '@anthropic-ai/claude-code-linux-x64-musl': 2.1.252
      '@anthropic-ai/claude-code-win32-arm64': 2.1.252
      '@anthropic-ai/claude-code-win32-x64': 2.1.252
